
Microsoft Visual Studio Solution File, Format Version 12.00
# Visual Studio Version 16
VisualStudioVersion = 16.0.30804.86
MinimumVisualStudioVersion = 10.0.40219.1
Project("{F184B08F-C81C-45F6-A57F-5ABD9991F28F}") = "Test1", "Test1.vbproj", "{C1BC7446-E581-4E48-AD29-7FC49A3A3FE8}"
EndProject
Global
	GlobalSection(SolutionConfigurationPlatforms) = preSolution
		Debug|Any CPU = Debug|Any CPU
		Release|Any CPU = Release|Any CPU
	EndGlobalSection
	GlobalSection(ProjectConfigurationPlatforms) = postSolution
		{C1BC7446-E581-4E48-AD29-7FC49A3A3FE8}.Debug|Any CPU.ActiveCfg = Debug|Any CPU
		{C1BC7446-E581-4E48-AD29-7FC49A3A3FE8}.Debug|Any CPU.Build.0 = Debug|Any CPU
		{C1BC7446-E581-4E48-AD29-7FC49A3A3FE8}.Release|Any CPU.ActiveCfg = Release|Any CPU
		{C1BC7446-E581-4E48-AD29-7FC49A3A3FE8}.Release|Any CPU.Build.0 = Release|Any CPU
	EndGlobalSection
	GlobalSection(SolutionProperties) = preSolution
		HideSolutionNode = FALSE
	EndGlobalSection
	GlobalSection(ExtensibilityGlobals) = postSolution
		SolutionGuid = {50E37BCC-D325-4087-B63A-D51C4BC221A6}
	EndGlobalSection
EndGlobal
